
Microsoft Visual Studio Solution File, Format Version 12.00
# Visual Studio Version 16
VisualStudioVersion = 25.0.1705.3
MinimumVisualStudioVersion = 10.0.40219.1
Project("{FAE04EC0-301F-11D3-BF4B-00C04F79EFBC}") = "EnumerableSamples", "EnumerableSamples.csproj", "{942FE333-5A76-428B-B911-2DDBABAD5BAF}"
EndProject
Global
	GlobalSection(SolutionConfigurationPlatforms) = preSolution
		Debug|Any CPU = Debug|Any CPU
		Release|Any CPU = Release|Any CPU
	EndGlobalSection
	GlobalSection(ProjectConfigurationPlatforms) = postSolution
		{942FE333-5A76-428B-B911-2DDBABAD5BAF}.Debug|Any CPU.ActiveCfg = Debug|Any CPU
		{942FE333-5A76-428B-B911-2DDBABAD5BAF}.Debug|Any CPU.Build.0 = Debug|Any CPU
		{942FE333-5A76-428B-B911-2DDBABAD5BAF}.Release|Any CPU.ActiveCfg = Release|Any CPU
		{942FE333-5A76-428B-B911-2DDBABAD5BAF}.Release|Any CPU.Build.0 = Release|Any CPU
	EndGlobalSection
	GlobalSection(SolutionProperties) = preSolution
		HideSolutionNode = FALSE
	EndGlobalSection
	GlobalSection(ExtensibilityGlobals) = postSolution
		SolutionGuid = {32C90F46-83D8-4EBA-B5BE-16F280AB288C}
	EndGlobalSection
EndGlobal
